
Microsoft Visual Studio Solution File, Format Version 12.00
# Visual Studio Version 16
VisualStudioVersion = 16.0.28714.193
MinimumVisualStudioVersion = 10.0.40219.1
Project("{FAE04EC0-301F-11D3-BF4B-00C04F79EFBC}") = "BlazorWorkshop", "BlazorWorkshop\BlazorWorkshop.csproj", "{C363DDBC-2F79-4B3A-842E-97FA9B5F20C3}"
EndProject
Global
	GlobalSection(SolutionConfigurationPlatforms) = preSolution
		Debug|Any CPU = Debug|Any CPU
		Release|Any CPU = Release|Any CPU
	EndGlobalSection
	GlobalSection(ProjectConfigurationPlatforms) = postSolution
		{C363DDBC-2F79-4B3A-842E-97FA9B5F20C3}.Debug|Any CPU.ActiveCfg = Debug|Any CPU
		{C363DDBC-2F79-4B3A-842E-97FA9B5F20C3}.Debug|Any CPU.Build.0 = Debug|Any CPU
		{C363DDBC-2F79-4B3A-842E-97FA9B5F20C3}.Release|Any CPU.ActiveCfg = Release|Any CPU
		{C363DDBC-2F79-4B3A-842E-97FA9B5F20C3}.Release|Any CPU.Build.0 = Release|Any CPU
	EndGlobalSection
	GlobalSection(SolutionProperties) = preSolution
		HideSolutionNode = FALSE
	EndGlobalSection
	GlobalSection(ExtensibilityGlobals) = postSolution
		SolutionGuid = {81B25E4C-60D2-4154-AFF0-547B3AE6867E}
	EndGlobalSection
EndGlobal
